// !$*UTF8*$!
{
	archiveVersion = 1;
	classes = {
	};
	objectVersion = 77;
	objects = {

/* Begin PBXBuildFile section */
		B00100010001000100010001 /* TyppoDomain in Frameworks */ = {isa = PBXBuildFile; productRef = PD00200020002000200020002 /* TyppoDomain */; };
		B00200020002000200020002 /* TyppoFeatures in Frameworks */ = {isa = PBXBuildFile; productRef = PD00100010001000100010001 /* TyppoFeatures */; };
		B00300030003000300030003 /* TyppoApp.swift in Sources */ = {isa = PBXBuildFile; fileRef = F00100010001000100010001 /* TyppoApp.swift */; };
		B00400040004000400040004 /* LaunchScreen.storyboard in Resources */ = {isa = PBXBuildFile; fileRef = F00300030003000300030003 /* LaunchScreen.storyboard */; };
		B00500050005000500050005 /* Assets.xcassets in Resources */ = {isa = PBXBuildFile; fileRef = F00400040004000400040004 /* Assets.xcassets */; };
/* End PBXBuildFile section */

/* Begin PBXFileReference section */
		F00100010001000100010001 /* TyppoApp.swift */ = {isa = PBXFileReference; lastKnownFileType = sourcecode.swift; path = TyppoApp.swift; sourceTree = "<group>"; };
		F00200020002000200020002 /* Info.plist */ = {isa = PBXFileReference; lastKnownFileType = text.plist.xml; path = Info.plist; sourceTree = "<group>"; };
		F00300030003000300030003 /* LaunchScreen.storyboard */ = {isa = PBXFileReference; lastKnownFileType = file.storyboard; path = LaunchScreen.storyboard; sourceTree = "<group>"; };
		F00400040004000400040004 /* Assets.xcassets */ = {isa = PBXFileReference; lastKnownFileType = folder.assetcatalog; path = Assets.xcassets; sourceTree = "<group>"; };
		F00500050005000500050005 /* Typpo.app */ = {isa = PBXFileReference; explicitFileType = wrapper.application; includeInIndex = 0; path = Typpo.app; sourceTree = BUILT_PRODUCTS_DIR; };
/* End PBXFileReference section */

/* Begin PBXFrameworksBuildPhase section */
		PHF00010001000100010001 /* Frameworks */ = {
			isa = PBXFrameworksBuildPhase;
			buildActionMask = 2147483647;
			files = (
				B00100010001000100010001 /* TyppoDomain in Frameworks */,
				B00200020002000200020002 /* TyppoFeatures in Frameworks */,
			);
			runOnlyForDeploymentPostprocessing = 0;
		};
/* End PBXFrameworksBuildPhase section */

/* Begin PBXGroup section */
		G00100010001000100010001 = {
			isa = PBXGroup;
			children = (
				G00200020002000200020002 /* App */,
				G00500050005000500050005 /* Products */,
			);
			sourceTree = "<group>";
		};
		G00200020002000200020002 /* App */ = {
			isa = PBXGroup;
			children = (
				G00300030003000300030003 /* Typpo */,
			);
			path = App;
			sourceTree = "<group>";
		};
		G00300030003000300030003 /* Typpo */ = {
			isa = PBXGroup;
			children = (
				F00100010001000100010001 /* TyppoApp.swift */,
				F00200020002000200020002 /* Info.plist */,
				G00400040004000400040004 /* Resources */,
			);
			path = Typpo;
			sourceTree = "<group>";
		};
		G00400040004000400040004 /* Resources */ = {
			isa = PBXGroup;
			children = (
				F00300030003000300030003 /* LaunchScreen.storyboard */,
				F00400040004000400040004 /* Assets.xcassets */,
			);
			path = Resources;
			sourceTree = "<group>";
		};
		G00500050005000500050005 /* Products */ = {
			isa = PBXGroup;
			children = (
				F00500050005000500050005 /* Typpo.app */,
			);
			name = Products;
			sourceTree = "<group>";
		};
/* End PBXGroup section */

/* Begin PBXNativeTarget section */
		T00100010001000100010001 /* Typpo */ = {
			isa = PBXNativeTarget;
			buildConfigurationList = C00100010001000100010001 /* Build configuration list for PBXNativeTarget "Typpo" */;
			buildPhases = (
				PHS00010001000100010001 /* Sources */,
				PHF00010001000100010001 /* Frameworks */,
				PHR00010001000100010001 /* Resources */,
			);
			buildRules = (
			);
			dependencies = (
			);
			name = Typpo;
			packageProductDependencies = (
				PD00200020002000200020002 /* TyppoDomain */,
				PD00100010001000100010001 /* TyppoFeatures */,
			);
			productName = Typpo;
			productReference = F00500050005000500050005 /* Typpo.app */;
			productType = "com.apple.product-type.application";
		};
/* End PBXNativeTarget section */

/* Begin PBXProject section */
		P00100010001000100010001 /* Project object */ = {
			isa = PBXProject;
			attributes = {
				BuildIndependentTargetsInParallel = 1;
				LastUpgradeCheck = 1640;
				TargetAttributes = {
					T00100010001000100010001 = {
						CreatedOnToolsVersion = 16.4;
					};
				};
			};
			buildConfigurationList = C00200020002000200020002 /* Build configuration list for PBXProject "Typpo" */;
			developmentRegion = en;
			hasScannedForEncodings = 0;
			knownRegions = (
				en,
				Base,
			);
			mainGroup = G00100010001000100010001;
			minimizedProjectReferenceProxies = 1;
			packageReferences = (
				PKG00100010001000100010001 /* XCLocalSwiftPackageReference "" */,
			);
			preferredProjectObjectVersion = 77;
			productRefGroup = G00500050005000500050005 /* Products */;
			projectDirPath = "";
			projectRoot = "";
			targets = (
				T00100010001000100010001 /* Typpo */,
			);
		};
/* End PBXProject section */

/* Begin PBXResourcesBuildPhase section */
		PHR00010001000100010001 /* Resources */ = {
			isa = PBXResourcesBuildPhase;
			buildActionMask = 2147483647;
			files = (
				B00400040004000400040004 /* LaunchScreen.storyboard in Resources */,
				B00500050005000500050005 /* Assets.xcassets in Resources */,
			);
			runOnlyForDeploymentPostprocessing = 0;
		};
/* End PBXResourcesBuildPhase section */

/* Begin PBXSourcesBuildPhase section */
		PHS00010001000100010001 /* Sources */ = {
			isa = PBXSourcesBuildPhase;
			buildActionMask = 2147483647;
			files = (
				B00300030003000300030003 /* TyppoApp.swift in Sources */,
			);
			runOnlyForDeploymentPostprocessing = 0;
		};
/* End PBXSourcesBuildPhase section */

/* Begin XCBuildConfiguration section */
		BCP100010001000100010001 /* Debug */ = {
			isa = XCBuildConfiguration;
			buildSettings = {
				ALWAYS_SEARCH_USER_PATHS = NO;
				CLANG_ENABLE_MODULES = YES;
				COPY_PHASE_STRIP = NO;
				DEBUG_INFORMATION_FORMAT = dwarf;
				ENABLE_STRICT_OBJC_MSGSEND = YES;
				ENABLE_TESTABILITY = YES;
				GCC_C_LANGUAGE_STANDARD = gnu17;
				IPHONEOS_DEPLOYMENT_TARGET = 17.0;
				SDKROOT = iphoneos;
				SWIFT_VERSION = 6.0;
				TARGETED_DEVICE_FAMILY = "1,2";
			};
			name = Debug;
		};
		BCP200020002000200020002 /* Release */ = {
			isa = XCBuildConfiguration;
			buildSettings = {
				ALWAYS_SEARCH_USER_PATHS = NO;
				CLANG_ENABLE_MODULES = YES;
				COPY_PHASE_STRIP = NO;
				DEBUG_INFORMATION_FORMAT = "dwarf-with-dsym";
				ENABLE_NS_ASSERTIONS = NO;
				ENABLE_STRICT_OBJC_MSGSEND = YES;
				GCC_C_LANGUAGE_STANDARD = gnu17;
				IPHONEOS_DEPLOYMENT_TARGET = 17.0;
				SDKROOT = iphoneos;
				SWIFT_COMPILATION_MODE = wholemodule;
				SWIFT_VERSION = 6.0;
				TARGETED_DEVICE_FAMILY = "1,2";
			};
			name = Release;
		};
		BCT100010001000100010001 /* Debug */ = {
			isa = XCBuildConfiguration;
			buildSettings = {
				ASSETCATALOG_COMPILER_APPICON_NAME = AppIcon;
				ASSETCATALOG_COMPILER_GLOBAL_ACCENT_COLOR_NAME = AccentColor;
				"CODE_SIGN_IDENTITY[sdk=iphoneos*]" = "iPhone Distribution";
				CODE_SIGN_STYLE = Manual;
				CURRENT_PROJECT_VERSION = 1;
				DEVELOPMENT_TEAM = "";
				"DEVELOPMENT_TEAM[sdk=iphoneos*]" = RUYUP6W3YT;
				GENERATE_INFOPLIST_FILE = NO;
				INFOPLIST_FILE = App/Typpo/Info.plist;
				INFOPLIST_KEY_UIApplicationSupportsIndirectInputEvents = YES;
				LD_RUNPATH_SEARCH_PATHS = (
					"$(inherited)",
					"@executable_path/Frameworks",
				);
				MARKETING_VERSION = 1.0.0;
				PRODUCT_BUNDLE_IDENTIFIER = com.Typpo.app;
				PRODUCT_NAME = "$(TARGET_NAME)";
				PROVISIONING_PROFILE_SPECIFIER = "";
				"PROVISIONING_PROFILE_SPECIFIER[sdk=iphoneos*]" = Typpo;
				SDKROOT = iphoneos;
				SUPPORTED_PLATFORMS = "iphoneos iphonesimulator";
				SWIFT_EMIT_LOC_STRINGS = YES;
				SWIFT_OPTIMIZATION_LEVEL = "-Onone";
				TARGETED_DEVICE_FAMILY = "1,2";
			};
			name = Debug;
		};
		BCT200020002000200020002 /* Release */ = {
			isa = XCBuildConfiguration;
			buildSettings = {
				ASSETCATALOG_COMPILER_APPICON_NAME = AppIcon;
				ASSETCATALOG_COMPILER_GLOBAL_ACCENT_COLOR_NAME = AccentColor;
				"CODE_SIGN_IDENTITY[sdk=iphoneos*]" = "iPhone Distribution";
				CODE_SIGN_STYLE = Manual;
				CURRENT_PROJECT_VERSION = 1;
				DEVELOPMENT_TEAM = "";
				"DEVELOPMENT_TEAM[sdk=iphoneos*]" = RUYUP6W3YT;
				GENERATE_INFOPLIST_FILE = NO;
				INFOPLIST_FILE = App/Typpo/Info.plist;
				LD_RUNPATH_SEARCH_PATHS = (
					"$(inherited)",
					"@executable_path/Frameworks",
				);
				MARKETING_VERSION = 1.0.0;
				PRODUCT_BUNDLE_IDENTIFIER = com.Typpo.app;
				PRODUCT_NAME = "$(TARGET_NAME)";
				PROVISIONING_PROFILE_SPECIFIER = "";
				"PROVISIONING_PROFILE_SPECIFIER[sdk=iphoneos*]" = Typpo;
				SDKROOT = iphoneos;
				SUPPORTED_PLATFORMS = "iphoneos iphonesimulator";
				SWIFT_EMIT_LOC_STRINGS = YES;
				TARGETED_DEVICE_FAMILY = "1,2";
			};
			name = Release;
		};
/* End XCBuildConfiguration section */

/* Begin XCConfigurationList section */
		C00100010001000100010001 /* Build configuration list for PBXNativeTarget "Typpo" */ = {
			isa = XCConfigurationList;
			buildConfigurations = (
				BCT100010001000100010001 /* Debug */,
				BCT200020002000200020002 /* Release */,
			);
			defaultConfigurationIsVisible = 0;
			defaultConfigurationName = Release;
		};
		C00200020002000200020002 /* Build configuration list for PBXProject "Typpo" */ = {
			isa = XCConfigurationList;
			buildConfigurations = (
				BCP100010001000100010001 /* Debug */,
				BCP200020002000200020002 /* Release */,
			);
			defaultConfigurationIsVisible = 0;
			defaultConfigurationName = Release;
		};
/* End XCConfigurationList section */

/* Begin XCLocalSwiftPackageReference section */
		PKG00100010001000100010001 /* XCLocalSwiftPackageReference "" */ = {
			isa = XCLocalSwiftPackageReference;
			relativePath = "";
		};
/* End XCLocalSwiftPackageReference section */

/* Begin XCSwiftPackageProductDependency section */
		PD00100010001000100010001 /* TyppoFeatures */ = {
			isa = XCSwiftPackageProductDependency;
			package = PKG00100010001000100010001 /* XCLocalSwiftPackageReference "" */;
			productName = TyppoFeatures;
		};
		PD00200020002000200020002 /* TyppoDomain */ = {
			isa = XCSwiftPackageProductDependency;
			package = PKG00100010001000100010001 /* XCLocalSwiftPackageReference "" */;
			productName = TyppoDomain;
		};
/* End XCSwiftPackageProductDependency section */
	};
	rootObject = P00100010001000100010001 /* Project object */;
}
